// !$*UTF8*$!
{
	archiveVersion = 1;
	classes = {
	};
	objectVersion = 77;
	objects = {

/* Begin PBXBuildFile section */
		0DBE6288CB788EAE3A8A2925 /* DocumentLibraryScannerTests.swift in Sources */ = {isa = PBXBuildFile; fileRef = 42A87D024EEB427FF044F4C1 /* DocumentLibraryScannerTests.swift */; };
		13BE9831304596A2007D11B1 /* ZIPFoundation in Frameworks */ = {isa = PBXBuildFile; productRef = 13BE9830304596A2007D11B1 /* ZIPFoundation */; };
		1E9F4415E7779D4F79EC4CD8 /* FolderBookmarkStoreTests.swift in Sources */ = {isa = PBXBuildFile; fileRef = E64AD9D9E8EA2C36DBEE6D4B /* FolderBookmarkStoreTests.swift */; };
		3A284BBD6758CCCD2F2CCD2C /* MetadataStoreImplTests.swift in Sources */ = {isa = PBXBuildFile; fileRef = 960BC3C36D2219ED04D5742B /* MetadataStoreImplTests.swift */; };
		84E38DB730412DCD007F4CB1 /* GRDB in Frameworks */ = {isa = PBXBuildFile; productRef = 84E38DB630412DCD007F4CB1 /* GRDB */; };
		8EC4BBD32E2369DBC7C946D2 /* Foundation.framework in Frameworks */ = {isa = PBXBuildFile; fileRef = 233F2F3C1CB91AF291D12A84 /* Foundation.framework */; };
		A2B3C4D5E6F70012B3C4D5E6 /* OfficeBundle in Resources */ = {isa = PBXBuildFile; fileRef = A1B2C3D4E5F60011A2B3C4D5 /* OfficeBundle */; };
		FF72F5C74D3F4D7C6103DFCA /* LibraryViewModelTests.swift in Sources */ = {isa = PBXBuildFile; fileRef = BC48563032893CC0EB65D522 /* LibraryViewModelTests.swift */; };
/* End PBXBuildFile section */

/* Begin PBXContainerItemProxy section */
		9CA1AB2A30EAF9C9BBF025A6 /* PBXContainerItemProxy */ = {
			isa = PBXContainerItemProxy;
			containerPortal = 8465955F303D96BC00A6CAAC /* Project object */;
			proxyType = 1;
			remoteGlobalIDString = 84659566303D96BC00A6CAAC;
			remoteInfo = "Word Office";
		};
/* End PBXContainerItemProxy section */

/* Begin PBXCopyFilesBuildPhase section */
		8439AB0D30412B6800259C81 /* Embed Frameworks */ = {
			isa = PBXCopyFilesBuildPhase;
			buildActionMask = 2147483647;
			dstPath = "";
			dstSubfolderSpec = 10;
			files = (
			);
			name = "Embed Frameworks";
			runOnlyForDeploymentPostprocessing = 0;
		};
/* End PBXCopyFilesBuildPhase section */

/* Begin PBXFileReference section */
		233F2F3C1CB91AF291D12A84 /* Foundation.framework */ = {isa = PBXFileReference; lastKnownFileType = wrapper.framework; name = Foundation.framework; path = Platforms/iPhoneOS.platform/Developer/SDKs/iPhoneOS18.0.sdk/System/Library/Frameworks/Foundation.framework; sourceTree = DEVELOPER_DIR; };
		42A87D024EEB427FF044F4C1 /* DocumentLibraryScannerTests.swift */ = {isa = PBXFileReference; includeInIndex = 1; lastKnownFileType = sourcecode.swift; path = DocumentLibraryScannerTests.swift; sourceTree = "<group>"; };
		84659567303D96BC00A6CAAC /* Word Office.app */ = {isa = PBXFileReference; explicitFileType = wrapper.application; includeInIndex = 0; path = "Word Office.app"; sourceTree = BUILT_PRODUCTS_DIR; };
		954CA2E44099D5ADAA62E1F6 /* Word OfficeTests.xctest */ = {isa = PBXFileReference; explicitFileType = wrapper.cfbundle; includeInIndex = 0; path = "Word OfficeTests.xctest"; sourceTree = BUILT_PRODUCTS_DIR; };
		960BC3C36D2219ED04D5742B /* MetadataStoreImplTests.swift */ = {isa = PBXFileReference; includeInIndex = 1; lastKnownFileType = sourcecode.swift; path = MetadataStoreImplTests.swift; sourceTree = "<group>"; };
		A1B2C3D4E5F60011A2B3C4D5 /* OfficeBundle */ = {isa = PBXFileReference; lastKnownFileType = folder; path = OfficeBundle; sourceTree = SOURCE_ROOT; };
		BC48563032893CC0EB65D522 /* LibraryViewModelTests.swift */ = {isa = PBXFileReference; includeInIndex = 1; lastKnownFileType = sourcecode.swift; path = LibraryViewModelTests.swift; sourceTree = "<group>"; };
		E64AD9D9E8EA2C36DBEE6D4B /* FolderBookmarkStoreTests.swift */ = {isa = PBXFileReference; includeInIndex = 1; lastKnownFileType = sourcecode.swift; path = FolderBookmarkStoreTests.swift; sourceTree = "<group>"; };
/* End PBXFileReference section */

/* Begin PBXFileSystemSynchronizedRootGroup section */
		84659569303D96BC00A6CAAC /* Word Office */ = {
			isa = PBXFileSystemSynchronizedRootGroup;
			path = "Word Office";
			sourceTree = "<group>";
		};
/* End PBXFileSystemSynchronizedRootGroup section */

/* Begin PBXFrameworksBuildPhase section */
		7EC68228218047C2925E723F /* Frameworks */ = {
			isa = PBXFrameworksBuildPhase;
			buildActionMask = 2147483647;
			files = (
				8EC4BBD32E2369DBC7C946D2 /* Foundation.framework in Frameworks */,
			);
			runOnlyForDeploymentPostprocessing = 0;
		};
		84659564303D96BC00A6CAAC /* Frameworks */ = {
			isa = PBXFrameworksBuildPhase;
			buildActionMask = 2147483647;
			files = (
				84E38DB730412DCD007F4CB1 /* GRDB in Frameworks */,
				13BE9831304596A2007D11B1 /* ZIPFoundation in Frameworks */,
			);
			runOnlyForDeploymentPostprocessing = 0;
		};
/* End PBXFrameworksBuildPhase section */

/* Begin PBXGroup section */
		76B3EC3BCDA82D388E5257B8 /* Word OfficeTests */ = {
			isa = PBXGroup;
			children = (
				42A87D024EEB427FF044F4C1 /* DocumentLibraryScannerTests.swift */,
				E64AD9D9E8EA2C36DBEE6D4B /* FolderBookmarkStoreTests.swift */,
				BC48563032893CC0EB65D522 /* LibraryViewModelTests.swift */,
				960BC3C36D2219ED04D5742B /* MetadataStoreImplTests.swift */,
			);
			path = "Word OfficeTests";
			sourceTree = "<group>";
		};
		8465955E303D96BC00A6CAAC = {
			isa = PBXGroup;
			children = (
				84659569303D96BC00A6CAAC /* Word Office */,
				A1B2C3D4E5F60011A2B3C4D5 /* OfficeBundle */,
				84659568303D96BC00A6CAAC /* Products */,
				B33C52DE9080894ADA0C5943 /* Frameworks */,
				76B3EC3BCDA82D388E5257B8 /* Word OfficeTests */,
			);
			sourceTree = "<group>";
		};
		84659568303D96BC00A6CAAC /* Products */ = {
			isa = PBXGroup;
			children = (
				84659567303D96BC00A6CAAC /* Word Office.app */,
				954CA2E44099D5ADAA62E1F6 /* Word OfficeTests.xctest */,
			);
			name = Products;
			sourceTree = "<group>";
		};
		B33C52DE9080894ADA0C5943 /* Frameworks */ = {
			isa = PBXGroup;
			children = (
				E568692D937E53E94C9DAAF3 /* iOS */,
			);
			name = Frameworks;
			sourceTree = "<group>";
		};
		E568692D937E53E94C9DAAF3 /* iOS */ = {
			isa = PBXGroup;
			children = (
				233F2F3C1CB91AF291D12A84 /* Foundation.framework */,
			);
			name = iOS;
			sourceTree = "<group>";
		};
/* End PBXGroup section */

/* Begin PBXNativeTarget section */
		53531C5EB3E86624DA340937 /* Word OfficeTests */ = {
			isa = PBXNativeTarget;
			buildConfigurationList = 1AFD4F29D2F5E81FD4C1A3E0 /* Build configuration list for PBXNativeTarget "Word OfficeTests" */;
			buildPhases = (
				25E0D3DDA3C3DA9F04F02F84 /* Sources */,
				7EC68228218047C2925E723F /* Frameworks */,
				C0082D8A804C77507F2DFF90 /* Resources */,
			);
			buildRules = (
			);
			dependencies = (
				4DFC8963B5228F46C7C0201F /* PBXTargetDependency */,
			);
			name = "Word OfficeTests";
			productName = "Word OfficeTests";
			productReference = 954CA2E44099D5ADAA62E1F6 /* Word OfficeTests.xctest */;
			productType = "com.apple.product-type.bundle.unit-test";
		};
		84659566303D96BC00A6CAAC /* Word Office */ = {
			isa = PBXNativeTarget;
			buildConfigurationList = 84659572303D96BE00A6CAAC /* Build configuration list for PBXNativeTarget "Word Office" */;
			buildPhases = (
				84659563303D96BC00A6CAAC /* Sources */,
				84659564303D96BC00A6CAAC /* Frameworks */,
				84659565303D96BC00A6CAAC /* Resources */,
				8439AB0D30412B6800259C81 /* Embed Frameworks */,
			);
			buildRules = (
			);
			dependencies = (
			);
			fileSystemSynchronizedGroups = (
				84659569303D96BC00A6CAAC /* Word Office */,
			);
			name = "Word Office";
			packageProductDependencies = (
				84E38DB630412DCD007F4CB1 /* GRDB */,
				13BE9830304596A2007D11B1 /* ZIPFoundation */,
			);
			productName = "Word Office";
			productReference = 84659567303D96BC00A6CAAC /* Word Office.app */;
			productType = "com.apple.product-type.application";
		};
/* End PBXNativeTarget section */

/* Begin PBXProject section */
		8465955F303D96BC00A6CAAC /* Project object */ = {
			isa = PBXProject;
			attributes = {
				BuildIndependentTargetsInParallel = 1;
				LastSwiftUpdateCheck = 2620;
				LastUpgradeCheck = 2640;
				TargetAttributes = {
					84659566303D96BC00A6CAAC = {
						CreatedOnToolsVersion = 26.2;
					};
				};
			};
			buildConfigurationList = 84659562303D96BC00A6CAAC /* Build configuration list for PBXProject "Word Office" */;
			developmentRegion = en;
			hasScannedForEncodings = 0;
			knownRegions = (
				en,
				Base,
			);
			mainGroup = 8465955E303D96BC00A6CAAC;
			minimizedProjectReferenceProxies = 1;
			packageReferences = (
				84E38DB530412DCD007F4CB1 /* XCRemoteSwiftPackageReference "GRDB" */,
				13BE982F304596A2007D11B1 /* XCRemoteSwiftPackageReference "ZIPFoundation" */,
			);
			preferredProjectObjectVersion = 77;
			productRefGroup = 84659568303D96BC00A6CAAC /* Products */;
			projectDirPath = "";
			projectRoot = "";
			targets = (
				84659566303D96BC00A6CAAC /* Word Office */,
				53531C5EB3E86624DA340937 /* Word OfficeTests */,
			);
		};
/* End PBXProject section */

/* Begin PBXResourcesBuildPhase section */
		84659565303D96BC00A6CAAC /* Resources */ = {
			isa = PBXResourcesBuildPhase;
			buildActionMask = 2147483647;
			files = (
				A2B3C4D5E6F70012B3C4D5E6 /* OfficeBundle in Resources */,
			);
			runOnlyForDeploymentPostprocessing = 0;
		};
		C0082D8A804C77507F2DFF90 /* Resources */ = {
			isa = PBXResourcesBuildPhase;
			buildActionMask = 2147483647;
			files = (
			);
			runOnlyForDeploymentPostprocessing = 0;
		};
/* End PBXResourcesBuildPhase section */

/* Begin PBXSourcesBuildPhase section */
		25E0D3DDA3C3DA9F04F02F84 /* Sources */ = {
			isa = PBXSourcesBuildPhase;
			buildActionMask = 2147483647;
			files = (
				0DBE6288CB788EAE3A8A2925 /* DocumentLibraryScannerTests.swift in Sources */,
				1E9F4415E7779D4F79EC4CD8 /* FolderBookmarkStoreTests.swift in Sources */,
				FF72F5C74D3F4D7C6103DFCA /* LibraryViewModelTests.swift in Sources */,
				3A284BBD6758CCCD2F2CCD2C /* MetadataStoreImplTests.swift in Sources */,
			);
			runOnlyForDeploymentPostprocessing = 0;
		};
		84659563303D96BC00A6CAAC /* Sources */ = {
			isa = PBXSourcesBuildPhase;
			buildActionMask = 2147483647;
			files = (
			);
			runOnlyForDeploymentPostprocessing = 0;
		};
/* End PBXSourcesBuildPhase section */

/* Begin PBXTargetDependency section */
		4DFC8963B5228F46C7C0201F /* PBXTargetDependency */ = {
			isa = PBXTargetDependency;
			name = "Word Office";
			target = 84659566303D96BC00A6CAAC /* Word Office */;
			targetProxy = 9CA1AB2A30EAF9C9BBF025A6 /* PBXContainerItemProxy */;
		};
/* End PBXTargetDependency section */

/* Begin XCBuildConfiguration section */
		5560BB5942508605EBF55CDC /* Debug */ = {
			isa = XCBuildConfiguration;
			buildSettings = {
				BUNDLE_LOADER = "$(TEST_HOST)";
				CLANG_ENABLE_OBJC_WEAK = NO;
				GENERATE_INFOPLIST_FILE = YES;
				IPHONEOS_DEPLOYMENT_TARGET = 26.2;
				PRODUCT_BUNDLE_IDENTIFIER = "com.app.word.office.Word-Office.Tests";
				PRODUCT_NAME = "$(TARGET_NAME)";
				SDKROOT = iphoneos;
				SWIFT_VERSION = 5.0;
				TEST_HOST = "$(BUILT_PRODUCTS_DIR)/Word Office.app/Word Office";
			};
			name = Debug;
		};
		84659570303D96BE00A6CAAC /* Debug */ = {
			isa = XCBuildConfiguration;
			buildSettings = {
				ALWAYS_SEARCH_USER_PATHS = NO;
				ASSETCATALOG_COMPILER_GENERATE_SWIFT_ASSET_SYMBOL_EXTENSIONS = YES;
				CLANG_ANALYZER_NONNULL = YES;
				CLANG_ANALYZER_NUMBER_OBJECT_CONVERSION = YES_AGGRESSIVE;
				CLANG_CXX_LANGUAGE_STANDARD = "gnu++20";
				CLANG_ENABLE_MODULES = YES;
				CLANG_ENABLE_OBJC_ARC = YES;
				CLANG_ENABLE_OBJC_WEAK = YES;
				CLANG_WARN_BLOCK_CAPTURE_AUTORELEASING = YES;
				CLANG_WARN_BOOL_CONVERSION = YES;
				CLANG_WARN_COMMA = YES;
				CLANG_WARN_CONSTANT_CONVERSION = YES;
				CLANG_WARN_DEPRECATED_OBJC_IMPLEMENTATIONS = YES;
				CLANG_WARN_DIRECT_OBJC_ISA_USAGE = YES_ERROR;
				CLANG_WARN_DOCUMENTATION_COMMENTS = YES;
				CLANG_WARN_EMPTY_BODY = YES;
				CLANG_WARN_ENUM_CONVERSION = YES;
				CLANG_WARN_INFINITE_RECURSION = YES;
				CLANG_WARN_INT_CONVERSION = YES;
				CLANG_WARN_NON_LITERAL_NULL_CONVERSION = YES;
				CLANG_WARN_OBJC_IMPLICIT_RETAIN_SELF = YES;
				CLANG_WARN_OBJC_LITERAL_CONVERSION = YES;
				CLANG_WARN_OBJC_ROOT_CLASS = YES_ERROR;
				CLANG_WARN_QUOTED_INCLUDE_IN_FRAMEWORK_HEADER = YES;
				CLANG_WARN_RANGE_LOOP_ANALYSIS = YES;
				CLANG_WARN_STRICT_PROTOTYPES = YES;
				CLANG_WARN_SUSPICIOUS_MOVE = YES;
				CLANG_WARN_UNGUARDED_AVAILABILITY = YES_AGGRESSIVE;
				CLANG_WARN_UNREACHABLE_CODE = YES;
				CLANG_WARN__DUPLICATE_METHOD_MATCH = YES;
				COPY_PHASE_STRIP = NO;
				DEAD_CODE_STRIPPING = YES;
				DEBUG_INFORMATION_FORMAT = dwarf;
				ENABLE_STRICT_OBJC_MSGSEND = YES;
				ENABLE_TESTABILITY = YES;
				ENABLE_USER_SCRIPT_SANDBOXING = YES;
				GCC_C_LANGUAGE_STANDARD = gnu17;
				GCC_DYNAMIC_NO_PIC = NO;
				GCC_NO_COMMON_BLOCKS = YES;
				GCC_OPTIMIZATION_LEVEL = 0;
				GCC_PREPROCESSOR_DEFINITIONS = (
					"DEBUG=1",
					"$(inherited)",
				);
				GCC_WARN_64_TO_32_BIT_CONVERSION = YES;
				GCC_WARN_ABOUT_RETURN_TYPE = YES_ERROR;
				GCC_WARN_UNDECLARED_SELECTOR = YES;
				GCC_WARN_UNINITIALIZED_AUTOS = YES_AGGRESSIVE;
				GCC_WARN_UNUSED_FUNCTION = YES;
				GCC_WARN_UNUSED_VARIABLE = YES;
				LOCALIZATION_PREFERS_STRING_CATALOGS = YES;
				MTL_ENABLE_DEBUG_INFO = INCLUDE_SOURCE;
				MTL_FAST_MATH = YES;
				ONLY_ACTIVE_ARCH = YES;
				STRING_CATALOG_GENERATE_SYMBOLS = YES;
				SWIFT_ACTIVE_COMPILATION_CONDITIONS = "DEBUG $(inherited)";
				SWIFT_OPTIMIZATION_LEVEL = "-Onone";
			};
			name = Debug;
		};
		84659571303D96BE00A6CAAC /* Release */ = {
			isa = XCBuildConfiguration;
			buildSettings = {
				ALWAYS_SEARCH_USER_PATHS = NO;
				ASSETCATALOG_COMPILER_GENERATE_SWIFT_ASSET_SYMBOL_EXTENSIONS = YES;
				CLANG_ANALYZER_NONNULL = YES;
				CLANG_ANALYZER_NUMBER_OBJECT_CONVERSION = YES_AGGRESSIVE;
				CLANG_CXX_LANGUAGE_STANDARD = "gnu++20";
				CLANG_ENABLE_MODULES = YES;
				CLANG_ENABLE_OBJC_ARC = YES;
				CLANG_ENABLE_OBJC_WEAK = YES;
				CLANG_WARN_BLOCK_CAPTURE_AUTORELEASING = YES;
				CLANG_WARN_BOOL_CONVERSION = YES;
				CLANG_WARN_COMMA = YES;
				CLANG_WARN_CONSTANT_CONVERSION = YES;
				CLANG_WARN_DEPRECATED_OBJC_IMPLEMENTATIONS = YES;
				CLANG_WARN_DIRECT_OBJC_ISA_USAGE = YES_ERROR;
				CLANG_WARN_DOCUMENTATION_COMMENTS = YES;
				CLANG_WARN_EMPTY_BODY = YES;
				CLANG_WARN_ENUM_CONVERSION = YES;
				CLANG_WARN_INFINITE_RECURSION = YES;
				CLANG_WARN_INT_CONVERSION = YES;
				CLANG_WARN_NON_LITERAL_NULL_CONVERSION = YES;
				CLANG_WARN_OBJC_IMPLICIT_RETAIN_SELF = YES;
				CLANG_WARN_OBJC_LITERAL_CONVERSION = YES;
				CLANG_WARN_OBJC_ROOT_CLASS = YES_ERROR;
				CLANG_WARN_QUOTED_INCLUDE_IN_FRAMEWORK_HEADER = YES;
				CLANG_WARN_RANGE_LOOP_ANALYSIS = YES;
				CLANG_WARN_STRICT_PROTOTYPES = YES;
				CLANG_WARN_SUSPICIOUS_MOVE = YES;
				CLANG_WARN_UNGUARDED_AVAILABILITY = YES_AGGRESSIVE;
				CLANG_WARN_UNREACHABLE_CODE = YES;
				CLANG_WARN__DUPLICATE_METHOD_MATCH = YES;
				COPY_PHASE_STRIP = NO;
				DEAD_CODE_STRIPPING = YES;
				DEBUG_INFORMATION_FORMAT = "dwarf-with-dsym";
				ENABLE_NS_ASSERTIONS = NO;
				ENABLE_STRICT_OBJC_MSGSEND = YES;
				ENABLE_USER_SCRIPT_SANDBOXING = YES;
				GCC_C_LANGUAGE_STANDARD = gnu17;
				GCC_NO_COMMON_BLOCKS = YES;
				GCC_WARN_64_TO_32_BIT_CONVERSION = YES;
				GCC_WARN_ABOUT_RETURN_TYPE = YES_ERROR;
				GCC_WARN_UNDECLARED_SELECTOR = YES;
				GCC_WARN_UNINITIALIZED_AUTOS = YES_AGGRESSIVE;
				GCC_WARN_UNUSED_FUNCTION = YES;
				GCC_WARN_UNUSED_VARIABLE = YES;
				LOCALIZATION_PREFERS_STRING_CATALOGS = YES;
				MTL_ENABLE_DEBUG_INFO = NO;
				MTL_FAST_MATH = YES;
				STRING_CATALOG_GENERATE_SYMBOLS = YES;
				SWIFT_COMPILATION_MODE = wholemodule;
			};
			name = Release;
		};
		84659573303D96BE00A6CAAC /* Debug */ = {
			isa = XCBuildConfiguration;
			buildSettings = {
				ASSETCATALOG_COMPILER_APPICON_NAME = AppIcon;
				ASSETCATALOG_COMPILER_GLOBAL_ACCENT_COLOR_NAME = AccentColor;
				CODE_SIGN_STYLE = Manual;
				CURRENT_PROJECT_VERSION = 1;
				DEAD_CODE_STRIPPING = YES;
				DEVELOPMENT_TEAM = "";
				ENABLE_APP_SANDBOX = YES;
				ENABLE_PREVIEWS = YES;
				ENABLE_USER_SELECTED_FILES = readonly;
				GENERATE_INFOPLIST_FILE = YES;
				"INFOPLIST_KEY_UIApplicationSceneManifest_Generation[sdk=iphoneos*]" = YES;
				"INFOPLIST_KEY_UIApplicationSceneManifest_Generation[sdk=iphonesimulator*]" = YES;
				"INFOPLIST_KEY_UIApplicationSupportsIndirectInputEvents[sdk=iphoneos*]" = YES;
				"INFOPLIST_KEY_UIApplicationSupportsIndirectInputEvents[sdk=iphonesimulator*]" = YES;
				"INFOPLIST_KEY_UILaunchScreen_Generation[sdk=iphoneos*]" = YES;
				"INFOPLIST_KEY_UILaunchScreen_Generation[sdk=iphonesimulator*]" = YES;
				"INFOPLIST_KEY_UIStatusBarStyle[sdk=iphoneos*]" = UIStatusBarStyleDefault;
				"INFOPLIST_KEY_UIStatusBarStyle[sdk=iphonesimulator*]" = UIStatusBarStyleDefault;
				INFOPLIST_KEY_UISupportedInterfaceOrientations_iPad = "UIInterfaceOrientationPortrait UIInterfaceOrientationPortraitUpsideDown UIInterfaceOrientationLandscapeLeft UIInterfaceOrientationLandscapeRight";
				INFOPLIST_KEY_UISupportedInterfaceOrientations_iPhone = "UIInterfaceOrientationPortrait UIInterfaceOrientationLandscapeLeft UIInterfaceOrientationLandscapeRight";
				IPHONEOS_DEPLOYMENT_TARGET = 26.2;
				LD_RUNPATH_SEARCH_PATHS = "@executable_path/Frameworks";
				"LD_RUNPATH_SEARCH_PATHS[sdk=macosx*]" = "@executable_path/../Frameworks";
				MACOSX_DEPLOYMENT_TARGET = 15.7;
				MARKETING_VERSION = 1.0;
				PRODUCT_BUNDLE_IDENTIFIER = "com.app.word.office.Word-Office";
				PRODUCT_NAME = "$(TARGET_NAME)";
				PROVISIONING_PROFILE_SPECIFIER = "";
				REGISTER_APP_GROUPS = YES;
				SDKROOT = auto;
				STRING_CATALOG_GENERATE_SYMBOLS = YES;
				SUPPORTED_PLATFORMS = "iphoneos iphonesimulator";
				SUPPORTS_MACCATALYST = NO;
				SWIFT_APPROACHABLE_CONCURRENCY = YES;
				SWIFT_DEFAULT_ACTOR_ISOLATION = MainActor;
				SWIFT_EMIT_LOC_STRINGS = YES;
				SWIFT_UPCOMING_FEATURE_MEMBER_IMPORT_VISIBILITY = YES;
				SWIFT_VERSION = 5.0;
				TARGETED_DEVICE_FAMILY = "1,2";
				XROS_DEPLOYMENT_TARGET = 26.2;
			};
			name = Debug;
		};
		84659574303D96BE00A6CAAC /* Release */ = {
			isa = XCBuildConfiguration;
			buildSettings = {
				ASSETCATALOG_COMPILER_APPICON_NAME = AppIcon;
				ASSETCATALOG_COMPILER_GLOBAL_ACCENT_COLOR_NAME = AccentColor;
				CODE_SIGN_STYLE = Manual;
				CURRENT_PROJECT_VERSION = 1;
				DEAD_CODE_STRIPPING = YES;
				DEVELOPMENT_TEAM = "";
				ENABLE_APP_SANDBOX = YES;
				ENABLE_PREVIEWS = YES;
				ENABLE_USER_SELECTED_FILES = readonly;
				GENERATE_INFOPLIST_FILE = YES;
				"INFOPLIST_KEY_UIApplicationSceneManifest_Generation[sdk=iphoneos*]" = YES;
				"INFOPLIST_KEY_UIApplicationSceneManifest_Generation[sdk=iphonesimulator*]" = YES;
				"INFOPLIST_KEY_UIApplicationSupportsIndirectInputEvents[sdk=iphoneos*]" = YES;
				"INFOPLIST_KEY_UIApplicationSupportsIndirectInputEvents[sdk=iphonesimulator*]" = YES;
				"INFOPLIST_KEY_UILaunchScreen_Generation[sdk=iphoneos*]" = YES;
				"INFOPLIST_KEY_UILaunchScreen_Generation[sdk=iphonesimulator*]" = YES;
				"INFOPLIST_KEY_UIStatusBarStyle[sdk=iphoneos*]" = UIStatusBarStyleDefault;
				"INFOPLIST_KEY_UIStatusBarStyle[sdk=iphonesimulator*]" = UIStatusBarStyleDefault;
				INFOPLIST_KEY_UISupportedInterfaceOrientations_iPad = "UIInterfaceOrientationPortrait UIInterfaceOrientationPortraitUpsideDown UIInterfaceOrientationLandscapeLeft UIInterfaceOrientationLandscapeRight";
				INFOPLIST_KEY_UISupportedInterfaceOrientations_iPhone = "UIInterfaceOrientationPortrait UIInterfaceOrientationLandscapeLeft UIInterfaceOrientationLandscapeRight";
				IPHONEOS_DEPLOYMENT_TARGET = 26.2;
				LD_RUNPATH_SEARCH_PATHS = "@executable_path/Frameworks";
				"LD_RUNPATH_SEARCH_PATHS[sdk=macosx*]" = "@executable_path/../Frameworks";
				MACOSX_DEPLOYMENT_TARGET = 15.7;
				MARKETING_VERSION = 1.0;
				PRODUCT_BUNDLE_IDENTIFIER = "com.app.word.office.Word-Office";
				PRODUCT_NAME = "$(TARGET_NAME)";
				PROVISIONING_PROFILE_SPECIFIER = "";
				REGISTER_APP_GROUPS = YES;
				SDKROOT = auto;
				STRING_CATALOG_GENERATE_SYMBOLS = YES;
				SUPPORTED_PLATFORMS = "iphoneos iphonesimulator";
				SUPPORTS_MACCATALYST = NO;
				SWIFT_APPROACHABLE_CONCURRENCY = YES;
				SWIFT_DEFAULT_ACTOR_ISOLATION = MainActor;
				SWIFT_EMIT_LOC_STRINGS = YES;
				SWIFT_UPCOMING_FEATURE_MEMBER_IMPORT_VISIBILITY = YES;
				SWIFT_VERSION = 5.0;
				TARGETED_DEVICE_FAMILY = "1,2";
				XROS_DEPLOYMENT_TARGET = 26.2;
			};
			name = Release;
		};
		88C546FB03EA9119BEF0EB88 /* Release */ = {
			isa = XCBuildConfiguration;
			buildSettings = {
				BUNDLE_LOADER = "$(TEST_HOST)";
				CLANG_ENABLE_OBJC_WEAK = NO;
				GENERATE_INFOPLIST_FILE = YES;
				IPHONEOS_DEPLOYMENT_TARGET = 26.2;
				PRODUCT_BUNDLE_IDENTIFIER = "com.app.word.office.Word-Office.Tests";
				PRODUCT_NAME = "$(TARGET_NAME)";
				SDKROOT = iphoneos;
				SWIFT_VERSION = 5.0;
				TEST_HOST = "$(BUILT_PRODUCTS_DIR)/Word Office.app/Word Office";
				VALIDATE_PRODUCT = YES;
			};
			name = Release;
		};
/* End XCBuildConfiguration section */

/* Begin XCConfigurationList section */
		1AFD4F29D2F5E81FD4C1A3E0 /* Build configuration list for PBXNativeTarget "Word OfficeTests" */ = {
			isa = XCConfigurationList;
			buildConfigurations = (
				88C546FB03EA9119BEF0EB88 /* Release */,
				5560BB5942508605EBF55CDC /* Debug */,
			);
			defaultConfigurationIsVisible = 0;
			defaultConfigurationName = Release;
		};
		84659562303D96BC00A6CAAC /* Build configuration list for PBXProject "Word Office" */ = {
			isa = XCConfigurationList;
			buildConfigurations = (
				84659570303D96BE00A6CAAC /* Debug */,
				84659571303D96BE00A6CAAC /* Release */,
			);
			defaultConfigurationIsVisible = 0;
			defaultConfigurationName = Release;
		};
		84659572303D96BE00A6CAAC /* Build configuration list for PBXNativeTarget "Word Office" */ = {
			isa = XCConfigurationList;
			buildConfigurations = (
				84659573303D96BE00A6CAAC /* Debug */,
				84659574303D96BE00A6CAAC /* Release */,
			);
			defaultConfigurationIsVisible = 0;
			defaultConfigurationName = Release;
		};
/* End XCConfigurationList section */

/* Begin XCRemoteSwiftPackageReference section */
		13BE982F304596A2007D11B1 /* XCRemoteSwiftPackageReference "ZIPFoundation" */ = {
			isa = XCRemoteSwiftPackageReference;
			repositoryURL = "https://github.com/weichsel/ZIPFoundation";
			requirement = {
				kind = upToNextMajorVersion;
				minimumVersion = 0.9.20;
			};
		};
		84E38DB530412DCD007F4CB1 /* XCRemoteSwiftPackageReference "GRDB" */ = {
			isa = XCRemoteSwiftPackageReference;
			repositoryURL = "https://github.com/groue/GRDB.swift";
			requirement = {
				kind = upToNextMajorVersion;
				minimumVersion = 7.11.1;
			};
		};
/* End XCRemoteSwiftPackageReference section */

/* Begin XCSwiftPackageProductDependency section */
		13BE9830304596A2007D11B1 /* ZIPFoundation */ = {
			isa = XCSwiftPackageProductDependency;
			package = 13BE982F304596A2007D11B1 /* XCRemoteSwiftPackageReference "ZIPFoundation" */;
			productName = ZIPFoundation;
		};
		84E38DB630412DCD007F4CB1 /* GRDB */ = {
			isa = XCSwiftPackageProductDependency;
			package = 84E38DB530412DCD007F4CB1 /* XCRemoteSwiftPackageReference "GRDB" */;
			productName = GRDB;
		};
/* End XCSwiftPackageProductDependency section */
	};
	rootObject = 8465955F303D96BC00A6CAAC /* Project object */;
}
